// !$*UTF8*$!
{
	archiveVersion = 1;
	classes = {
	};
	objectVersion = 56;
	objects = {

/* Begin PBXBuildFile section */
		D505B4DF2A86564400710855 /* ProgressHUD in Frameworks */ = {isa = PBXBuildFile; productRef = D505B4DE2A86564400710855 /* ProgressHUD */; };
		D518A42C2AAF3719008844BB /* WebViewPresenter.swift in Sources */ = {isa = PBXBuildFile; fileRef = D518A42B2AAF3719008844BB /* WebViewPresenter.swift */; };
		D528D3A02A8B7CE30064AEA2 /* UIBlockingProgressHUD.swift in Sources */ = {isa = PBXBuildFile; fileRef = D528D39F2A8B7CE30064AEA2 /* UIBlockingProgressHUD.swift */; };
		D53301C92AA74BF40064EF29 /* TranslucentGradient.swift in Sources */ = {isa = PBXBuildFile; fileRef = D53301C82AA74BF40064EF29 /* TranslucentGradient.swift */; };
		D53301CB2AA9A90F0064EF29 /* DateService.swift in Sources */ = {isa = PBXBuildFile; fileRef = D53301CA2AA9A90F0064EF29 /* DateService.swift */; };
		D550E5032A8CB8F700379F33 /* ProfileImageService.swift in Sources */ = {isa = PBXBuildFile; fileRef = D550E5022A8CB8F700379F33 /* ProfileImageService.swift */; };
		D550E5052A8CB92400379F33 /* UserResult.swift in Sources */ = {isa = PBXBuildFile; fileRef = D550E5042A8CB92400379F33 /* UserResult.swift */; };
		D550E5072A8D03B800379F33 /* AlertModel.swift in Sources */ = {isa = PBXBuildFile; fileRef = D550E5062A8D03B800379F33 /* AlertModel.swift */; };
		D550E50A2A8D04D100379F33 /* AlertPresenter.swift in Sources */ = {isa = PBXBuildFile; fileRef = D550E5092A8D04D100379F33 /* AlertPresenter.swift */; };
		D550E50C2A8D04F400379F33 /* AlertPresenterProtocol.swift in Sources */ = {isa = PBXBuildFile; fileRef = D550E50B2A8D04F400379F33 /* AlertPresenterProtocol.swift */; };
		D550E50E2A8D050E00379F33 /* AlertPresentableDelagate.swift in Sources */ = {isa = PBXBuildFile; fileRef = D550E50D2A8D050E00379F33 /* AlertPresentableDelagate.swift */; };
		D550E5102A8E05F400379F33 /* UIAplication+Extensions.swift in Sources */ = {isa = PBXBuildFile; fileRef = D550E50F2A8E05F400379F33 /* UIAplication+Extensions.swift */; };
		D57538792A7CD56B0039F837 /* SplashViewController.swift in Sources */ = {isa = PBXBuildFile; fileRef = D57538782A7CD56B0039F837 /* SplashViewController.swift */; };
		D5777A182A700597002B073F /* SingleImageViewController.swift in Sources */ = {isa = PBXBuildFile; fileRef = D5777A172A700597002B073F /* SingleImageViewController.swift */; };
		D57C56DC2A7A90AC00F5C389 /* OAuth2Service.swift in Sources */ = {isa = PBXBuildFile; fileRef = D57C56DB2A7A90AC00F5C389 /* OAuth2Service.swift */; };
		D57C56DE2A7B92AD00F5C389 /* URLRequest+Extensions.swift in Sources */ = {isa = PBXBuildFile; fileRef = D57C56DD2A7B92AD00F5C389 /* URLRequest+Extensions.swift */; };
		D57C56E02A7B9DA500F5C389 /* URLSession+Extension.swift in Sources */ = {isa = PBXBuildFile; fileRef = D57C56DF2A7B9DA500F5C389 /* URLSession+Extension.swift */; };
		D57C56E32A7BA0D700F5C389 /* OAuthTokenResponseBody.swift in Sources */ = {isa = PBXBuildFile; fileRef = D57C56E22A7BA0D700F5C389 /* OAuthTokenResponseBody.swift */; };
		D57C56E52A7BAB5400F5C389 /* OAuth2TokenStorage.swift in Sources */ = {isa = PBXBuildFile; fileRef = D57C56E42A7BAB5400F5C389 /* OAuth2TokenStorage.swift */; };
		D57C56E82A7BB96600F5C389 /* AuthViewControllerDelegate.swift in Sources */ = {isa = PBXBuildFile; fileRef = D57C56E72A7BB96600F5C389 /* AuthViewControllerDelegate.swift */; };
		D59D377E2A53F95E005F79CC /* UIColor+Extensions.swift in Sources */ = {isa = PBXBuildFile; fileRef = D59D377D2A53F95E005F79CC /* UIColor+Extensions.swift */; };
		D59D37802A540202005F79CC /* ImagesListCell.swift in Sources */ = {isa = PBXBuildFile; fileRef = D59D377F2A540202005F79CC /* ImagesListCell.swift */; };
		D5A723822A974F1A0070D7BD /* ImagesListService.swift in Sources */ = {isa = PBXBuildFile; fileRef = D5A723812A974F1A0070D7BD /* ImagesListService.swift */; };
		D5A723842A974F9B0070D7BD /* Photo.swift in Sources */ = {isa = PBXBuildFile; fileRef = D5A723832A974F9B0070D7BD /* Photo.swift */; };
		D5A723862A97567C0070D7BD /* PhotoResult.swift in Sources */ = {isa = PBXBuildFile; fileRef = D5A723852A97567C0070D7BD /* PhotoResult.swift */; };
		D5A9360A2A79330E0043A4F4 /* AuthConfiguration.swift in Sources */ = {isa = PBXBuildFile; fileRef = D5A936092A79330E0043A4F4 /* AuthConfiguration.swift */; };
		D5A9360D2A7A438C0043A4F4 /* AuthViewController.swift in Sources */ = {isa = PBXBuildFile; fileRef = D5A9360C2A7A438C0043A4F4 /* AuthViewController.swift */; };
		D5A9360F2A7A47970043A4F4 /* WebViewViewController.swift in Sources */ = {isa = PBXBuildFile; fileRef = D5A9360E2A7A47970043A4F4 /* WebViewViewController.swift */; };
		D5B9D2772A6FB4C700B30DA3 /* ProfileViewController.swift in Sources */ = {isa = PBXBuildFile; fileRef = D5B9D2762A6FB4C700B30DA3 /* ProfileViewController.swift */; };
		D5D7C8212A8BA66700118B6F /* ProfileService.swift in Sources */ = {isa = PBXBuildFile; fileRef = D5D7C8202A8BA66700118B6F /* ProfileService.swift */; };
		D5D7C8232A8BA6DB00118B6F /* ProfileResult.swift in Sources */ = {isa = PBXBuildFile; fileRef = D5D7C8222A8BA6DB00118B6F /* ProfileResult.swift */; };
		D5D7C8252A8BA98D00118B6F /* Profile.swift in Sources */ = {isa = PBXBuildFile; fileRef = D5D7C8242A8BA98D00118B6F /* Profile.swift */; };
		D5D9C9982A52B83E00765731 /* AppDelegate.swift in Sources */ = {isa = PBXBuildFile; fileRef = D5D9C9972A52B83E00765731 /* AppDelegate.swift */; };
		D5D9C99A2A52B83E00765731 /* SceneDelegate.swift in Sources */ = {isa = PBXBuildFile; fileRef = D5D9C9992A52B83E00765731 /* SceneDelegate.swift */; };
		D5D9C99C2A52B83E00765731 /* ImagesListViewController.swift in Sources */ = {isa = PBXBuildFile; fileRef = D5D9C99B2A52B83E00765731 /* ImagesListViewController.swift */; };
		D5D9C99F2A52B83E00765731 /* Main.storyboard in Resources */ = {isa = PBXBuildFile; fileRef = D5D9C99D2A52B83E00765731 /* Main.storyboard */; };
		D5D9C9A12A52B83F00765731 /* Assets.xcassets in Resources */ = {isa = PBXBuildFile; fileRef = D5D9C9A02A52B83F00765731 /* Assets.xcassets */; };
		D5D9C9A42A52B83F00765731 /* LaunchScreen.storyboard in Resources */ = {isa = PBXBuildFile; fileRef = D5D9C9A22A52B83F00765731 /* LaunchScreen.storyboard */; };
		D5DC39042AAF51940002EB4D /* AuthHelper.swift in Sources */ = {isa = PBXBuildFile; fileRef = D5DC39032AAF51940002EB4D /* AuthHelper.swift */; };
		D5DC390C2AB0816B0002EB4D /* WebViewTests.swift in Sources */ = {isa = PBXBuildFile; fileRef = D5DC390B2AB0816B0002EB4D /* WebViewTests.swift */; };
		D5DC39132AB082870002EB4D /* WebViewPresenterSpy.swift in Sources */ = {isa = PBXBuildFile; fileRef = D5DC39122AB082870002EB4D /* WebViewPresenterSpy.swift */; };
		D5DC39152AB085AE0002EB4D /* WebViewControllerSpy.swift in Sources */ = {isa = PBXBuildFile; fileRef = D5DC39142AB085AE0002EB4D /* WebViewControllerSpy.swift */; };
		D5E37A072A8E1588006908FA /* Kingfisher in Frameworks */ = {isa = PBXBuildFile; productRef = D5E37A062A8E1588006908FA /* Kingfisher */; };
		D5E37A0A2A8E1FD4006908FA /* SwiftKeychainWrapper in Frameworks */ = {isa = PBXBuildFile; productRef = D5E37A092A8E1FD4006908FA /* SwiftKeychainWrapper */; };
		D5E37A0D2A8E4AFA006908FA /* TabBarController.swift in Sources */ = {isa = PBXBuildFile; fileRef = D5E37A0C2A8E4AFA006908FA /* TabBarController.swift */; };
/* End PBXBuildFile section */

/* Begin PBXContainerItemProxy section */
		D5DC390D2AB0816B0002EB4D /* PBXContainerItemProxy */ = {
			isa = PBXContainerItemProxy;
			containerPortal = D5D9C98C2A52B83E00765731 /* Project object */;
			proxyType = 1;
			remoteGlobalIDString = D5D9C9932A52B83E00765731;
			remoteInfo = "ImageFeed-ios";
		};
/* End PBXContainerItemProxy section */

/* Begin PBXFileReference section */
		D518A42B2AAF3719008844BB /* WebViewPresenter.swift */ = {isa = PBXFileReference; lastKnownFileType = sourcecode.swift; path = WebViewPresenter.swift; sourceTree = "<group>"; };
		D528D39F2A8B7CE30064AEA2 /* UIBlockingProgressHUD.swift */ = {isa = PBXFileReference; lastKnownFileType = sourcecode.swift; path = UIBlockingProgressHUD.swift; sourceTree = "<group>"; };
		D53301C82AA74BF40064EF29 /* TranslucentGradient.swift */ = {isa = PBXFileReference; lastKnownFileType = sourcecode.swift; path = TranslucentGradient.swift; sourceTree = "<group>"; };
		D53301CA2AA9A90F0064EF29 /* DateService.swift */ = {isa = PBXFileReference; lastKnownFileType = sourcecode.swift; path = DateService.swift; sourceTree = "<group>"; };
		D550E5022A8CB8F700379F33 /* ProfileImageService.swift */ = {isa = PBXFileReference; lastKnownFileType = sourcecode.swift; path = ProfileImageService.swift; sourceTree = "<group>"; };
		D550E5042A8CB92400379F33 /* UserResult.swift */ = {isa = PBXFileReference; lastKnownFileType = sourcecode.swift; path = UserResult.swift; sourceTree = "<group>"; };
		D550E5062A8D03B800379F33 /* AlertModel.swift */ = {isa = PBXFileReference; lastKnownFileType = sourcecode.swift; path = AlertModel.swift; sourceTree = "<group>"; };
		D550E5092A8D04D100379F33 /* AlertPresenter.swift */ = {isa = PBXFileReference; lastKnownFileType = sourcecode.swift; path = AlertPresenter.swift; sourceTree = "<group>"; };
		D550E50B2A8D04F400379F33 /* AlertPresenterProtocol.swift */ = {isa = PBXFileReference; lastKnownFileType = sourcecode.swift; path = AlertPresenterProtocol.swift; sourceTree = "<group>"; };
		D550E50D2A8D050E00379F33 /* AlertPresentableDelagate.swift */ = {isa = PBXFileReference; lastKnownFileType = sourcecode.swift; path = AlertPresentableDelagate.swift; sourceTree = "<group>"; };
		D550E50F2A8E05F400379F33 /* UIAplication+Extensions.swift */ = {isa = PBXFileReference; lastKnownFileType = sourcecode.swift; path = "UIAplication+Extensions.swift"; sourceTree = "<group>"; };
		D57538782A7CD56B0039F837 /* SplashViewController.swift */ = {isa = PBXFileReference; lastKnownFileType = sourcecode.swift; path = SplashViewController.swift; sourceTree = "<group>"; };
		D5777A172A700597002B073F /* SingleImageViewController.swift */ = {isa = PBXFileReference; lastKnownFileType = sourcecode.swift; path = SingleImageViewController.swift; sourceTree = "<group>"; };
		D57C56DB2A7A90AC00F5C389 /* OAuth2Service.swift */ = {isa = PBXFileReference; lastKnownFileType = sourcecode.swift; path = OAuth2Service.swift; sourceTree = "<group>"; };
		D57C56DD2A7B92AD00F5C389 /* URLRequest+Extensions.swift */ = {isa = PBXFileReference; lastKnownFileType = sourcecode.swift; path = "URLRequest+Extensions.swift"; sourceTree = "<group>"; };
		D57C56DF2A7B9DA500F5C389 /* URLSession+Extension.swift */ = {isa = PBXFileReference; lastKnownFileType = sourcecode.swift; path = "URLSession+Extension.swift"; sourceTree = "<group>"; };
		D57C56E22A7BA0D700F5C389 /* OAuthTokenResponseBody.swift */ = {isa = PBXFileReference; lastKnownFileType = sourcecode.swift; path = OAuthTokenResponseBody.swift; sourceTree = "<group>"; };
		D57C56E42A7BAB5400F5C389 /* OAuth2TokenStorage.swift */ = {isa = PBXFileReference; lastKnownFileType = sourcecode.swift; path = OAuth2TokenStorage.swift; sourceTree = "<group>"; };
		D57C56E72A7BB96600F5C389 /* AuthViewControllerDelegate.swift */ = {isa = PBXFileReference; lastKnownFileType = sourcecode.swift; path = AuthViewControllerDelegate.swift; sourceTree = "<group>"; };
		D59D377D2A53F95E005F79CC /* UIColor+Extensions.swift */ = {isa = PBXFileReference; lastKnownFileType = sourcecode.swift; path = "UIColor+Extensions.swift"; sourceTree = "<group>"; };
		D59D377F2A540202005F79CC /* ImagesListCell.swift */ = {isa = PBXFileReference; lastKnownFileType = sourcecode.swift; path = ImagesListCell.swift; sourceTree = "<group>"; };
		D5A723812A974F1A0070D7BD /* ImagesListService.swift */ = {isa = PBXFileReference; lastKnownFileType = sourcecode.swift; path = ImagesListService.swift; sourceTree = "<group>"; };
		D5A723832A974F9B0070D7BD /* Photo.swift */ = {isa = PBXFileReference; lastKnownFileType = sourcecode.swift; path = Photo.swift; sourceTree = "<group>"; };
		D5A723852A97567C0070D7BD /* PhotoResult.swift */ = {isa = PBXFileReference; lastKnownFileType = sourcecode.swift; path = PhotoResult.swift; sourceTree = "<group>"; };
		D5A936092A79330E0043A4F4 /* AuthConfiguration.swift */ = {isa = PBXFileReference; lastKnownFileType = sourcecode.swift; path = AuthConfiguration.swift; sourceTree = "<group>"; };
		D5A9360C2A7A438C0043A4F4 /* AuthViewController.swift */ = {isa = PBXFileReference; lastKnownFileType = sourcecode.swift; path = AuthViewController.swift; sourceTree = "<group>"; };
		D5A9360E2A7A47970043A4F4 /* WebViewViewController.swift */ = {isa = PBXFileReference; lastKnownFileType = sourcecode.swift; path = WebViewViewController.swift; sourceTree = "<group>"; };
		D5B9D2762A6FB4C700B30DA3 /* ProfileViewController.swift */ = {isa = PBXFileReference; lastKnownFileType = sourcecode.swift; path = ProfileViewController.swift; sourceTree = "<group>"; };
		D5D7C8202A8BA66700118B6F /* ProfileService.swift */ = {isa = PBXFileReference; lastKnownFileType = sourcecode.swift; path = ProfileService.swift; sourceTree = "<group>"; };
		D5D7C8222A8BA6DB00118B6F /* ProfileResult.swift */ = {isa = PBXFileReference; lastKnownFileType = sourcecode.swift; path = ProfileResult.swift; sourceTree = "<group>"; };
		D5D7C8242A8BA98D00118B6F /* Profile.swift */ = {isa = PBXFileReference; lastKnownFileType = sourcecode.swift; path = Profile.swift; sourceTree = "<group>"; };
		D5D9C9942A52B83E00765731 /* ImageFeed-ios.app */ = {isa = PBXFileReference; explicitFileType = wrapper.application; includeInIndex = 0; path = "ImageFeed-ios.app"; sourceTree = BUILT_PRODUCTS_DIR; };
		D5D9C9972A52B83E00765731 /* AppDelegate.swift */ = {isa = PBXFileReference; lastKnownFileType = sourcecode.swift; path = AppDelegate.swift; sourceTree = "<group>"; };
		D5D9C9992A52B83E00765731 /* SceneDelegate.swift */ = {isa = PBXFileReference; lastKnownFileType = sourcecode.swift; path = SceneDelegate.swift; sourceTree = "<group>"; };
		D5D9C99B2A52B83E00765731 /* ImagesListViewController.swift */ = {isa = PBXFileReference; lastKnownFileType = sourcecode.swift; path = ImagesListViewController.swift; sourceTree = "<group>"; };
		D5D9C99E2A52B83E00765731 /* Base */ = {isa = PBXFileReference; lastKnownFileType = file.storyboard; name = Base; path = Base.lproj/Main.storyboard; sourceTree = "<group>"; };
		D5D9C9A02A52B83F00765731 /* Assets.xcassets */ = {isa = PBXFileReference; lastKnownFileType = folder.assetcatalog; path = Assets.xcassets; sourceTree = "<group>"; };
		D5D9C9A32A52B83F00765731 /* Base */ = {isa = PBXFileReference; lastKnownFileType = file.storyboard; name = Base; path = Base.lproj/LaunchScreen.storyboard; sourceTree = "<group>"; };
		D5D9C9A52A52B83F00765731 /* Info.plist */ = {isa = PBXFileReference; lastKnownFileType = text.plist.xml; path = Info.plist; sourceTree = "<group>"; };
		D5DC39032AAF51940002EB4D /* AuthHelper.swift */ = {isa = PBXFileReference; lastKnownFileType = sourcecode.swift; path = AuthHelper.swift; sourceTree = "<group>"; };
		D5DC39092AB0816B0002EB4D /* ImageFeed-iosTests.xctest */ = {isa = PBXFileReference; explicitFileType = wrapper.cfbundle; includeInIndex = 0; path = "ImageFeed-iosTests.xctest"; sourceTree = BUILT_PRODUCTS_DIR; };
		D5DC390B2AB0816B0002EB4D /* WebViewTests.swift */ = {isa = PBXFileReference; lastKnownFileType = sourcecode.swift; path = WebViewTests.swift; sourceTree = "<group>"; };
		D5DC39122AB082870002EB4D /* WebViewPresenterSpy.swift */ = {isa = PBXFileReference; lastKnownFileType = sourcecode.swift; path = WebViewPresenterSpy.swift; sourceTree = "<group>"; };
		D5DC39142AB085AE0002EB4D /* WebViewControllerSpy.swift */ = {isa = PBXFileReference; lastKnownFileType = sourcecode.swift; path = WebViewControllerSpy.swift; sourceTree = "<group>"; };
		D5E37A0C2A8E4AFA006908FA /* TabBarController.swift */ = {isa = PBXFileReference; lastKnownFileType = sourcecode.swift; path = TabBarController.swift; sourceTree = "<group>"; };
/* End PBXFileReference section */

/* Begin PBXFrameworksBuildPhase section */
		D5D9C9912A52B83E00765731 /* Frameworks */ = {
			isa = PBXFrameworksBuildPhase;
			buildActionMask = 2147483647;
			files = (
				D5E37A072A8E1588006908FA /* Kingfisher in Frameworks */,
				D505B4DF2A86564400710855 /* ProgressHUD in Frameworks */,
				D5E37A0A2A8E1FD4006908FA /* SwiftKeychainWrapper in Frameworks */,
			);
			runOnlyForDeploymentPostprocessing = 0;
		};
		D5DC39062AB0816B0002EB4D /* Frameworks */ = {
			isa = PBXFrameworksBuildPhase;
			buildActionMask = 2147483647;
			files = (
			);
			runOnlyForDeploymentPostprocessing = 0;
		};
/* End PBXFrameworksBuildPhase section */

/* Begin PBXGroup section */
		D53301C72AA74B790064EF29 /* Animations */ = {
			isa = PBXGroup;
			children = (
				D53301C82AA74BF40064EF29 /* TranslucentGradient.swift */,
			);
			path = Animations;
			sourceTree = "<group>";
		};
		D550E5082A8D04B900379F33 /* Alert */ = {
			isa = PBXGroup;
			children = (
				D550E5092A8D04D100379F33 /* AlertPresenter.swift */,
				D550E50B2A8D04F400379F33 /* AlertPresenterProtocol.swift */,
				D550E50D2A8D050E00379F33 /* AlertPresentableDelagate.swift */,
			);
			path = Alert;
			sourceTree = "<group>";
		};
		D57538772A7CD55C0039F837 /* Splash */ = {
			isa = PBXGroup;
			children = (
				D57538782A7CD56B0039F837 /* SplashViewController.swift */,
				D528D39F2A8B7CE30064AEA2 /* UIBlockingProgressHUD.swift */,
			);
			path = Splash;
			sourceTree = "<group>";
		};
		D5777A162A70057F002B073F /* SingleImage */ = {
			isa = PBXGroup;
			children = (
				D5777A172A700597002B073F /* SingleImageViewController.swift */,
			);
			path = SingleImage;
			sourceTree = "<group>";
		};
		D57C56E12A7BA0CB00F5C389 /* Models */ = {
			isa = PBXGroup;
			children = (
				D57C56E22A7BA0D700F5C389 /* OAuthTokenResponseBody.swift */,
				D5D7C8222A8BA6DB00118B6F /* ProfileResult.swift */,
				D5D7C8242A8BA98D00118B6F /* Profile.swift */,
				D550E5042A8CB92400379F33 /* UserResult.swift */,
				D550E5062A8D03B800379F33 /* AlertModel.swift */,
				D5A723832A974F9B0070D7BD /* Photo.swift */,
				D5A723852A97567C0070D7BD /* PhotoResult.swift */,
			);
			path = Models;
			sourceTree = "<group>";
		};
		D57C56E62A7BB86D00F5C389 /* OAuth2 */ = {
			isa = PBXGroup;
			children = (
				D57C56DB2A7A90AC00F5C389 /* OAuth2Service.swift */,
				D57C56E42A7BAB5400F5C389 /* OAuth2TokenStorage.swift */,
			);
			path = OAuth2;
			sourceTree = "<group>";
		};
		D59D377C2A53F946005F79CC /* Helpers */ = {
			isa = PBXGroup;
			children = (
				D59D377D2A53F95E005F79CC /* UIColor+Extensions.swift */,
				D57C56DD2A7B92AD00F5C389 /* URLRequest+Extensions.swift */,
				D57C56DF2A7B9DA500F5C389 /* URLSession+Extension.swift */,
				D550E50F2A8E05F400379F33 /* UIAplication+Extensions.swift */,
			);
			path = Helpers;
			sourceTree = "<group>";
		};
		D59D37812A540230005F79CC /* ImagesList */ = {
			isa = PBXGroup;
			children = (
				D5D9C99B2A52B83E00765731 /* ImagesListViewController.swift */,
				D59D377F2A540202005F79CC /* ImagesListCell.swift */,
			);
			path = ImagesList;
			sourceTree = "<group>";
		};
		D5A936082A7933040043A4F4 /* Service */ = {
			isa = PBXGroup;
			children = (
				D57C56E62A7BB86D00F5C389 /* OAuth2 */,
				D5A936092A79330E0043A4F4 /* AuthConfiguration.swift */,
				D550E5022A8CB8F700379F33 /* ProfileImageService.swift */,
				D5D7C8202A8BA66700118B6F /* ProfileService.swift */,
				D5A723812A974F1A0070D7BD /* ImagesListService.swift */,
				D53301CA2AA9A90F0064EF29 /* DateService.swift */,
			);
			path = Service;
			sourceTree = "<group>";
		};
		D5A9360B2A7A43680043A4F4 /* Auth */ = {
			isa = PBXGroup;
			children = (
				D5A9360C2A7A438C0043A4F4 /* AuthViewController.swift */,
				D5A9360E2A7A47970043A4F4 /* WebViewViewController.swift */,
				D57C56E72A7BB96600F5C389 /* AuthViewControllerDelegate.swift */,
				D518A42B2AAF3719008844BB /* WebViewPresenter.swift */,
				D5DC39032AAF51940002EB4D /* AuthHelper.swift */,
			);
			path = Auth;
			sourceTree = "<group>";
		};
		D5B9D2752A6FB4AB00B30DA3 /* Profile */ = {
			isa = PBXGroup;
			children = (
				D5B9D2762A6FB4C700B30DA3 /* ProfileViewController.swift */,
			);
			path = Profile;
			sourceTree = "<group>";
		};
		D5D9C98B2A52B83E00765731 = {
			isa = PBXGroup;
			children = (
				D5D9C9962A52B83E00765731 /* ImageFeed-ios */,
				D5DC390A2AB0816B0002EB4D /* ImageFeed-iosTests */,
				D5D9C9952A52B83E00765731 /* Products */,
			);
			sourceTree = "<group>";
		};
		D5D9C9952A52B83E00765731 /* Products */ = {
			isa = PBXGroup;
			children = (
				D5D9C9942A52B83E00765731 /* ImageFeed-ios.app */,
				D5DC39092AB0816B0002EB4D /* ImageFeed-iosTests.xctest */,
			);
			name = Products;
			sourceTree = "<group>";
		};
		D5D9C9962A52B83E00765731 /* ImageFeed-ios */ = {
			isa = PBXGroup;
			children = (
				D57C56E12A7BA0CB00F5C389 /* Models */,
				D5A936082A7933040043A4F4 /* Service */,
				D57538772A7CD55C0039F837 /* Splash */,
				D5A9360B2A7A43680043A4F4 /* Auth */,
				D5E37A0B2A8E4AE1006908FA /* TabBar */,
				D59D37812A540230005F79CC /* ImagesList */,
				D5777A162A70057F002B073F /* SingleImage */,
				D5B9D2752A6FB4AB00B30DA3 /* Profile */,
				D550E5082A8D04B900379F33 /* Alert */,
				D59D377C2A53F946005F79CC /* Helpers */,
				D53301C72AA74B790064EF29 /* Animations */,
				D5D9C9972A52B83E00765731 /* AppDelegate.swift */,
				D5D9C9992A52B83E00765731 /* SceneDelegate.swift */,
				D5D9C99D2A52B83E00765731 /* Main.storyboard */,
				D5D9C9A02A52B83F00765731 /* Assets.xcassets */,
				D5D9C9A22A52B83F00765731 /* LaunchScreen.storyboard */,
				D5D9C9A52A52B83F00765731 /* Info.plist */,
			);
			path = "ImageFeed-ios";
			sourceTree = "<group>";
		};
		D5DC390A2AB0816B0002EB4D /* ImageFeed-iosTests */ = {
			isa = PBXGroup;
			children = (
				D5DC39182AB090220002EB4D /* ImageListView */,
				D5DC39172AB090100002EB4D /* ProfileView */,
				D5DC39162AB08FF40002EB4D /* WebView */,
			);
			path = "ImageFeed-iosTests";
			sourceTree = "<group>";
		};
		D5DC39162AB08FF40002EB4D /* WebView */ = {
			isa = PBXGroup;
			children = (
				D5DC390B2AB0816B0002EB4D /* WebViewTests.swift */,
				D5DC39122AB082870002EB4D /* WebViewPresenterSpy.swift */,
				D5DC39142AB085AE0002EB4D /* WebViewControllerSpy.swift */,
			);
			path = WebView;
			sourceTree = "<group>";
		};
		D5DC39172AB090100002EB4D /* ProfileView */ = {
			isa = PBXGroup;
			children = (
			);
			path = ProfileView;
			sourceTree = "<group>";
		};
		D5DC39182AB090220002EB4D /* ImageListView */ = {
			isa = PBXGroup;
			children = (
			);
			path = ImageListView;
			sourceTree = "<group>";
		};
		D5E37A0B2A8E4AE1006908FA /* TabBar */ = {
			isa = PBXGroup;
			children = (
				D5E37A0C2A8E4AFA006908FA /* TabBarController.swift */,
			);
			path = TabBar;
			sourceTree = "<group>";
		};
/* End PBXGroup section */

/* Begin PBXNativeTarget section */
		D5D9C9932A52B83E00765731 /* ImageFeed-ios */ = {
			isa = PBXNativeTarget;
			buildConfigurationList = D5D9C9A82A52B83F00765731 /* Build configuration list for PBXNativeTarget "ImageFeed-ios" */;
			buildPhases = (
				D5D9C9902A52B83E00765731 /* Sources */,
				D5D9C9912A52B83E00765731 /* Frameworks */,
				D5D9C9922A52B83E00765731 /* Resources */,
			);
			buildRules = (
			);
			dependencies = (
			);
			name = "ImageFeed-ios";
			packageProductDependencies = (
				D505B4DE2A86564400710855 /* ProgressHUD */,
				D5E37A062A8E1588006908FA /* Kingfisher */,
				D5E37A092A8E1FD4006908FA /* SwiftKeychainWrapper */,
			);
			productName = "ImageFeed-ios";
			productReference = D5D9C9942A52B83E00765731 /* ImageFeed-ios.app */;
			productType = "com.apple.product-type.application";
		};
		D5DC39082AB0816B0002EB4D /* ImageFeed-iosTests */ = {
			isa = PBXNativeTarget;
			buildConfigurationList = D5DC390F2AB0816B0002EB4D /* Build configuration list for PBXNativeTarget "ImageFeed-iosTests" */;
			buildPhases = (
				D5DC39052AB0816B0002EB4D /* Sources */,
				D5DC39062AB0816B0002EB4D /* Frameworks */,
				D5DC39072AB0816B0002EB4D /* Resources */,
			);
			buildRules = (
			);
			dependencies = (
				D5DC390E2AB0816B0002EB4D /* PBXTargetDependency */,
			);
			name = "ImageFeed-iosTests";
			productName = "ImageFeed-iosTests";
			productReference = D5DC39092AB0816B0002EB4D /* ImageFeed-iosTests.xctest */;
			productType = "com.apple.product-type.bundle.unit-test";
		};
/* End PBXNativeTarget section */

/* Begin PBXProject section */
		D5D9C98C2A52B83E00765731 /* Project object */ = {
			isa = PBXProject;
			attributes = {
				BuildIndependentTargetsInParallel = 1;
				LastSwiftUpdateCheck = 1430;
				LastUpgradeCheck = 1430;
				TargetAttributes = {
					D5D9C9932A52B83E00765731 = {
						CreatedOnToolsVersion = 14.3;
					};
					D5DC39082AB0816B0002EB4D = {
						CreatedOnToolsVersion = 14.3.1;
						TestTargetID = D5D9C9932A52B83E00765731;
					};
				};
			};
			buildConfigurationList = D5D9C98F2A52B83E00765731 /* Build configuration list for PBXProject "ImageFeed-ios" */;
			compatibilityVersion = "Xcode 14.0";
			developmentRegion = en;
			hasScannedForEncodings = 0;
			knownRegions = (
				en,
				Base,
			);
			mainGroup = D5D9C98B2A52B83E00765731;
			packageReferences = (
				D505B4DD2A86564400710855 /* XCRemoteSwiftPackageReference "ProgressHUD" */,
				D5E37A052A8E1588006908FA /* XCRemoteSwiftPackageReference "Kingfisher" */,
				D5E37A082A8E1FD4006908FA /* XCRemoteSwiftPackageReference "SwiftKeychainWrapper" */,
			);
			productRefGroup = D5D9C9952A52B83E00765731 /* Products */;
			projectDirPath = "";
			projectRoot = "";
			targets = (
				D5D9C9932A52B83E00765731 /* ImageFeed-ios */,
				D5DC39082AB0816B0002EB4D /* ImageFeed-iosTests */,
			);
		};
/* End PBXProject section */

/* Begin PBXResourcesBuildPhase section */
		D5D9C9922A52B83E00765731 /* Resources */ = {
			isa = PBXResourcesBuildPhase;
			buildActionMask = 2147483647;
			files = (
				D5D9C9A42A52B83F00765731 /* LaunchScreen.storyboard in Resources */,
				D5D9C9A12A52B83F00765731 /* Assets.xcassets in Resources */,
				D5D9C99F2A52B83E00765731 /* Main.storyboard in Resources */,
			);
			runOnlyForDeploymentPostprocessing = 0;
		};
		D5DC39072AB0816B0002EB4D /* Resources */ = {
			isa = PBXResourcesBuildPhase;
			buildActionMask = 2147483647;
			files = (
			);
			runOnlyForDeploymentPostprocessing = 0;
		};
/* End PBXResourcesBuildPhase section */

/* Begin PBXSourcesBuildPhase section */
		D5D9C9902A52B83E00765731 /* Sources */ = {
			isa = PBXSourcesBuildPhase;
			buildActionMask = 2147483647;
			files = (
				D5D7C8232A8BA6DB00118B6F /* ProfileResult.swift in Sources */,
				D5D9C99C2A52B83E00765731 /* ImagesListViewController.swift in Sources */,
				D5D9C9982A52B83E00765731 /* AppDelegate.swift in Sources */,
				D5D7C8252A8BA98D00118B6F /* Profile.swift in Sources */,
				D57C56DC2A7A90AC00F5C389 /* OAuth2Service.swift in Sources */,
				D550E50C2A8D04F400379F33 /* AlertPresenterProtocol.swift in Sources */,
				D550E50A2A8D04D100379F33 /* AlertPresenter.swift in Sources */,
				D528D3A02A8B7CE30064AEA2 /* UIBlockingProgressHUD.swift in Sources */,
				D5A9360D2A7A438C0043A4F4 /* AuthViewController.swift in Sources */,
				D59D37802A540202005F79CC /* ImagesListCell.swift in Sources */,
				D518A42C2AAF3719008844BB /* WebViewPresenter.swift in Sources */,
				D550E5052A8CB92400379F33 /* UserResult.swift in Sources */,
				D5A723862A97567C0070D7BD /* PhotoResult.swift in Sources */,
				D5A9360F2A7A47970043A4F4 /* WebViewViewController.swift in Sources */,
				D53301C92AA74BF40064EF29 /* TranslucentGradient.swift in Sources */,
				D550E5032A8CB8F700379F33 /* ProfileImageService.swift in Sources */,
				D57C56E82A7BB96600F5C389 /* AuthViewControllerDelegate.swift in Sources */,
				D5DC39042AAF51940002EB4D /* AuthHelper.swift in Sources */,
				D57C56E52A7BAB5400F5C389 /* OAuth2TokenStorage.swift in Sources */,
				D5E37A0D2A8E4AFA006908FA /* TabBarController.swift in Sources */,
				D550E5102A8E05F400379F33 /* UIAplication+Extensions.swift in Sources */,
				D53301CB2AA9A90F0064EF29 /* DateService.swift in Sources */,
				D550E50E2A8D050E00379F33 /* AlertPresentableDelagate.swift in Sources */,
				D5A723842A974F9B0070D7BD /* Photo.swift in Sources */,
				D57C56E32A7BA0D700F5C389 /* OAuthTokenResponseBody.swift in Sources */,
				D550E5072A8D03B800379F33 /* AlertModel.swift in Sources */,
				D5D9C99A2A52B83E00765731 /* SceneDelegate.swift in Sources */,
				D5A723822A974F1A0070D7BD /* ImagesListService.swift in Sources */,
				D5B9D2772A6FB4C700B30DA3 /* ProfileViewController.swift in Sources */,
				D59D377E2A53F95E005F79CC /* UIColor+Extensions.swift in Sources */,
				D5777A182A700597002B073F /* SingleImageViewController.swift in Sources */,
				D57538792A7CD56B0039F837 /* SplashViewController.swift in Sources */,
				D57C56E02A7B9DA500F5C389 /* URLSession+Extension.swift in Sources */,
				D57C56DE2A7B92AD00F5C389 /* URLRequest+Extensions.swift in Sources */,
				D5A9360A2A79330E0043A4F4 /* AuthConfiguration.swift in Sources */,
				D5D7C8212A8BA66700118B6F /* ProfileService.swift in Sources */,
			);
			runOnlyForDeploymentPostprocessing = 0;
		};
		D5DC39052AB0816B0002EB4D /* Sources */ = {
			isa = PBXSourcesBuildPhase;
			buildActionMask = 2147483647;
			files = (
				D5DC390C2AB0816B0002EB4D /* WebViewTests.swift in Sources */,
				D5DC39152AB085AE0002EB4D /* WebViewControllerSpy.swift in Sources */,
				D5DC39132AB082870002EB4D /* WebViewPresenterSpy.swift in Sources */,
			);
			runOnlyForDeploymentPostprocessing = 0;
		};
/* End PBXSourcesBuildPhase section */

/* Begin PBXTargetDependency section */
		D5DC390E2AB0816B0002EB4D /* PBXTargetDependency */ = {
			isa = PBXTargetDependency;
			target = D5D9C9932A52B83E00765731 /* ImageFeed-ios */;
			targetProxy = D5DC390D2AB0816B0002EB4D /* PBXContainerItemProxy */;
		};
/* End PBXTargetDependency section */

/* Begin PBXVariantGroup section */
		D5D9C99D2A52B83E00765731 /* Main.storyboard */ = {
			isa = PBXVariantGroup;
			children = (
				D5D9C99E2A52B83E00765731 /* Base */,
			);
			name = Main.storyboard;
			sourceTree = "<group>";
		};
		D5D9C9A22A52B83F00765731 /* LaunchScreen.storyboard */ = {
			isa = PBXVariantGroup;
			children = (
				D5D9C9A32A52B83F00765731 /* Base */,
			);
			name = LaunchScreen.storyboard;
			sourceTree = "<group>";
		};
/* End PBXVariantGroup section */

/* Begin XCBuildConfiguration section */
		D5D9C9A62A52B83F00765731 /* Debug */ = {
			isa = XCBuildConfiguration;
			buildSettings = {
				ALWAYS_SEARCH_USER_PATHS = NO;
				CLANG_ANALYZER_NONNULL = YES;
				CLANG_ANALYZER_NUMBER_OBJECT_CONVERSION = YES_AGGRESSIVE;
				CLANG_CXX_LANGUAGE_STANDARD = "gnu++20";
				CLANG_ENABLE_MODULES = YES;
				CLANG_ENABLE_OBJC_ARC = YES;
				CLANG_ENABLE_OBJC_WEAK = YES;
				CLANG_WARN_BLOCK_CAPTURE_AUTORELEASING = YES;
				CLANG_WARN_BOOL_CONVERSION = YES;
				CLANG_WARN_COMMA = YES;
				CLANG_WARN_CONSTANT_CONVERSION = YES;
				CLANG_WARN_DEPRECATED_OBJC_IMPLEMENTATIONS = YES;
				CLANG_WARN_DIRECT_OBJC_ISA_USAGE = YES_ERROR;
				CLANG_WARN_DOCUMENTATION_COMMENTS = YES;
				CLANG_WARN_EMPTY_BODY = YES;
				CLANG_WARN_ENUM_CONVERSION = YES;
				CLANG_WARN_INFINITE_RECURSION = YES;
				CLANG_WARN_INT_CONVERSION = YES;
				CLANG_WARN_NON_LITERAL_NULL_CONVERSION = YES;
				CLANG_WARN_OBJC_IMPLICIT_RETAIN_SELF = YES;
				CLANG_WARN_OBJC_LITERAL_CONVERSION = YES;
				CLANG_WARN_OBJC_ROOT_CLASS = YES_ERROR;
				CLANG_WARN_QUOTED_INCLUDE_IN_FRAMEWORK_HEADER = YES;
				CLANG_WARN_RANGE_LOOP_ANALYSIS = YES;
				CLANG_WARN_STRICT_PROTOTYPES = YES;
				CLANG_WARN_SUSPICIOUS_MOVE = YES;
				CLANG_WARN_UNGUARDED_AVAILABILITY = YES_AGGRESSIVE;
				CLANG_WARN_UNREACHABLE_CODE = YES;
				CLANG_WARN__DUPLICATE_METHOD_MATCH = YES;
				COPY_PHASE_STRIP = NO;
				DEBUG_INFORMATION_FORMAT = dwarf;
				ENABLE_STRICT_OBJC_MSGSEND = YES;
				ENABLE_TESTABILITY = YES;
				GCC_C_LANGUAGE_STANDARD = gnu11;
				GCC_DYNAMIC_NO_PIC = NO;
				GCC_NO_COMMON_BLOCKS = YES;
				GCC_OPTIMIZATION_LEVEL = 0;
				GCC_PREPROCESSOR_DEFINITIONS = (
					"DEBUG=1",
					"$(inherited)",
				);
				GCC_WARN_64_TO_32_BIT_CONVERSION = YES;
				GCC_WARN_ABOUT_RETURN_TYPE = YES_ERROR;
				GCC_WARN_UNDECLARED_SELECTOR = YES;
				GCC_WARN_UNINITIALIZED_AUTOS = YES_AGGRESSIVE;
				GCC_WARN_UNUSED_FUNCTION = YES;
				GCC_WARN_UNUSED_VARIABLE = YES;
				IPHONEOS_DEPLOYMENT_TARGET = 13.0;
				MTL_ENABLE_DEBUG_INFO = INCLUDE_SOURCE;
				MTL_FAST_MATH = YES;
				ONLY_ACTIVE_ARCH = YES;
				SDKROOT = iphoneos;
				SWIFT_ACTIVE_COMPILATION_CONDITIONS = DEBUG;
				SWIFT_OPTIMIZATION_LEVEL = "-Onone";
			};
			name = Debug;
		};
		D5D9C9A72A52B83F00765731 /* Release */ = {
			isa = XCBuildConfiguration;
			buildSettings = {
				ALWAYS_SEARCH_USER_PATHS = NO;
				CLANG_ANALYZER_NONNULL = YES;
				CLANG_ANALYZER_NUMBER_OBJECT_CONVERSION = YES_AGGRESSIVE;
				CLANG_CXX_LANGUAGE_STANDARD = "gnu++20";
				CLANG_ENABLE_MODULES = YES;
				CLANG_ENABLE_OBJC_ARC = YES;
				CLANG_ENABLE_OBJC_WEAK = YES;
				CLANG_WARN_BLOCK_CAPTURE_AUTORELEASING = YES;
				CLANG_WARN_BOOL_CONVERSION = YES;
				CLANG_WARN_COMMA = YES;
				CLANG_WARN_CONSTANT_CONVERSION = YES;
				CLANG_WARN_DEPRECATED_OBJC_IMPLEMENTATIONS = YES;
				CLANG_WARN_DIRECT_OBJC_ISA_USAGE = YES_ERROR;
				CLANG_WARN_DOCUMENTATION_COMMENTS = YES;
				CLANG_WARN_EMPTY_BODY = YES;
				CLANG_WARN_ENUM_CONVERSION = YES;
				CLANG_WARN_INFINITE_RECURSION = YES;
				CLANG_WARN_INT_CONVERSION = YES;
				CLANG_WARN_NON_LITERAL_NULL_CONVERSION = YES;
				CLANG_WARN_OBJC_IMPLICIT_RETAIN_SELF = YES;
				CLANG_WARN_OBJC_LITERAL_CONVERSION = YES;
				CLANG_WARN_OBJC_ROOT_CLASS = YES_ERROR;
				CLANG_WARN_QUOTED_INCLUDE_IN_FRAMEWORK_HEADER = YES;
				CLANG_WARN_RANGE_LOOP_ANALYSIS = YES;
				CLANG_WARN_STRICT_PROTOTYPES = YES;
				CLANG_WARN_SUSPICIOUS_MOVE = YES;
				CLANG_WARN_UNGUARDED_AVAILABILITY = YES_AGGRESSIVE;
				CLANG_WARN_UNREACHABLE_CODE = YES;
				CLANG_WARN__DUPLICATE_METHOD_MATCH = YES;
				COPY_PHASE_STRIP = NO;
				DEBUG_INFORMATION_FORMAT = "dwarf-with-dsym";
				ENABLE_NS_ASSERTIONS = NO;
				ENABLE_STRICT_OBJC_MSGSEND = YES;
				GCC_C_LANGUAGE_STANDARD = gnu11;
				GCC_NO_COMMON_BLOCKS = YES;
				GCC_WARN_64_TO_32_BIT_CONVERSION = YES;
				GCC_WARN_ABOUT_RETURN_TYPE = YES_ERROR;
				GCC_WARN_UNDECLARED_SELECTOR = YES;
				GCC_WARN_UNINITIALIZED_AUTOS = YES_AGGRESSIVE;
				GCC_WARN_UNUSED_FUNCTION = YES;
				GCC_WARN_UNUSED_VARIABLE = YES;
				IPHONEOS_DEPLOYMENT_TARGET = 13.0;
				MTL_ENABLE_DEBUG_INFO = NO;
				MTL_FAST_MATH = YES;
				SDKROOT = iphoneos;
				SWIFT_COMPILATION_MODE = wholemodule;
				SWIFT_OPTIMIZATION_LEVEL = "-O";
				VALIDATE_PRODUCT = YES;
			};
			name = Release;
		};
		D5D9C9A92A52B83F00765731 /* Debug */ = {
			isa = XCBuildConfiguration;
			buildSettings = {
				ASSETCATALOG_COMPILER_APPICON_NAME = AppIcon;
				ASSETCATALOG_COMPILER_GLOBAL_ACCENT_COLOR_NAME = AccentColor;
				CODE_SIGN_STYLE = Automatic;
				CURRENT_PROJECT_VERSION = 1;
				DEVELOPMENT_TEAM = N59AC9US2Q;
				GENERATE_INFOPLIST_FILE = YES;
				INFOPLIST_FILE = "ImageFeed-ios/Info.plist";
				INFOPLIST_KEY_CFBundleDisplayName = "Image feed";
				INFOPLIST_KEY_LSApplicationCategoryType = "public.app-category.social-networking";
				INFOPLIST_KEY_UIApplicationSupportsIndirectInputEvents = YES;
				INFOPLIST_KEY_UILaunchStoryboardName = LaunchScreen;
				INFOPLIST_KEY_UIMainStoryboardFile = Main;
				INFOPLIST_KEY_UIStatusBarStyle = UIStatusBarStyleLightContent;
				INFOPLIST_KEY_UISupportedInterfaceOrientations = UIInterfaceOrientationPortrait;
				INFOPLIST_KEY_UISupportedInterfaceOrientations_iPad = "UIInterfaceOrientationLandscapeLeft UIInterfaceOrientationLandscapeRight UIInterfaceOrientationPortrait UIInterfaceOrientationPortraitUpsideDown";
				IPHONEOS_DEPLOYMENT_TARGET = 13.0;
				LD_RUNPATH_SEARCH_PATHS = (
					"$(inherited)",
					"@executable_path/Frameworks",
				);
				MARKETING_VERSION = 1.0;
				PRODUCT_BUNDLE_IDENTIFIER = "ru.t1k1.ImageFeed-ios";
				PRODUCT_NAME = "$(TARGET_NAME)";
				SUPPORTED_PLATFORMS = "iphoneos iphonesimulator";
				SUPPORTS_MACCATALYST = NO;
				SUPPORTS_MAC_DESIGNED_FOR_IPHONE_IPAD = YES;
				SWIFT_EMIT_LOC_STRINGS = YES;
				SWIFT_VERSION = 5.0;
				TARGETED_DEVICE_FAMILY = 1;
			};
			name = Debug;
		};
		D5D9C9AA2A52B83F00765731 /* Release */ = {
			isa = XCBuildConfiguration;
			buildSettings = {
				ASSETCATALOG_COMPILER_APPICON_NAME = AppIcon;
				ASSETCATALOG_COMPILER_GLOBAL_ACCENT_COLOR_NAME = AccentColor;
				CODE_SIGN_STYLE = Automatic;
				CURRENT_PROJECT_VERSION = 1;
				DEVELOPMENT_TEAM = N59AC9US2Q;
				GENERATE_INFOPLIST_FILE = YES;
				INFOPLIST_FILE = "ImageFeed-ios/Info.plist";
				INFOPLIST_KEY_CFBundleDisplayName = "Image feed";
				INFOPLIST_KEY_LSApplicationCategoryType = "public.app-category.social-networking";
				INFOPLIST_KEY_UIApplicationSupportsIndirectInputEvents = YES;
				INFOPLIST_KEY_UILaunchStoryboardName = LaunchScreen;
				INFOPLIST_KEY_UIMainStoryboardFile = Main;
				INFOPLIST_KEY_UIStatusBarStyle = UIStatusBarStyleLightContent;
				INFOPLIST_KEY_UISupportedInterfaceOrientations = UIInterfaceOrientationPortrait;
				INFOPLIST_KEY_UISupportedInterfaceOrientations_iPad = "UIInterfaceOrientationLandscapeLeft UIInterfaceOrientationLandscapeRight UIInterfaceOrientationPortrait UIInterfaceOrientationPortraitUpsideDown";
				IPHONEOS_DEPLOYMENT_TARGET = 13.0;
				LD_RUNPATH_SEARCH_PATHS = (
					"$(inherited)",
					"@executable_path/Frameworks",
				);
				MARKETING_VERSION = 1.0;
				PRODUCT_BUNDLE_IDENTIFIER = "ru.t1k1.ImageFeed-ios";
				PRODUCT_NAME = "$(TARGET_NAME)";
				SUPPORTED_PLATFORMS = "iphoneos iphonesimulator";
				SUPPORTS_MACCATALYST = NO;
				SUPPORTS_MAC_DESIGNED_FOR_IPHONE_IPAD = YES;
				SWIFT_EMIT_LOC_STRINGS = YES;
				SWIFT_VERSION = 5.0;
				TARGETED_DEVICE_FAMILY = 1;
			};
			name = Release;
		};
		D5DC39102AB0816B0002EB4D /* Debug */ = {
			isa = XCBuildConfiguration;
			buildSettings = {
				BUNDLE_LOADER = "$(TEST_HOST)";
				CODE_SIGN_STYLE = Automatic;
				CURRENT_PROJECT_VERSION = 1;
				DEVELOPMENT_TEAM = N59AC9US2Q;
				GENERATE_INFOPLIST_FILE = YES;
				IPHONEOS_DEPLOYMENT_TARGET = 16.4;
				MARKETING_VERSION = 1.0;
				PRODUCT_BUNDLE_IDENTIFIER = "ru.t1k1.ImageFeed-iosTests";
				PRODUCT_NAME = "$(TARGET_NAME)";
				SWIFT_EMIT_LOC_STRINGS = NO;
				SWIFT_VERSION = 5.0;
				TARGETED_DEVICE_FAMILY = "1,2";
				TEST_HOST = "$(BUILT_PRODUCTS_DIR)/ImageFeed-ios.app/$(BUNDLE_EXECUTABLE_FOLDER_PATH)/ImageFeed-ios";
			};
			name = Debug;
		};
		D5DC39112AB0816B0002EB4D /* Release */ = {
			isa = XCBuildConfiguration;
			buildSettings = {
				BUNDLE_LOADER = "$(TEST_HOST)";
				CODE_SIGN_STYLE = Automatic;
				CURRENT_PROJECT_VERSION = 1;
				DEVELOPMENT_TEAM = N59AC9US2Q;
				GENERATE_INFOPLIST_FILE = YES;
				IPHONEOS_DEPLOYMENT_TARGET = 16.4;
				MARKETING_VERSION = 1.0;
				PRODUCT_BUNDLE_IDENTIFIER = "ru.t1k1.ImageFeed-iosTests";
				PRODUCT_NAME = "$(TARGET_NAME)";
				SWIFT_EMIT_LOC_STRINGS = NO;
				SWIFT_VERSION = 5.0;
				TARGETED_DEVICE_FAMILY = "1,2";
				TEST_HOST = "$(BUILT_PRODUCTS_DIR)/ImageFeed-ios.app/$(BUNDLE_EXECUTABLE_FOLDER_PATH)/ImageFeed-ios";
			};
			name = Release;
		};
/* End XCBuildConfiguration section */

/* Begin XCConfigurationList section */
		D5D9C98F2A52B83E00765731 /* Build configuration list for PBXProject "ImageFeed-ios" */ = {
			isa = XCConfigurationList;
			buildConfigurations = (
				D5D9C9A62A52B83F00765731 /* Debug */,
				D5D9C9A72A52B83F00765731 /* Release */,
			);
			defaultConfigurationIsVisible = 0;
			defaultConfigurationName = Release;
		};
		D5D9C9A82A52B83F00765731 /* Build configuration list for PBXNativeTarget "ImageFeed-ios" */ = {
			isa = XCConfigurationList;
			buildConfigurations = (
				D5D9C9A92A52B83F00765731 /* Debug */,
				D5D9C9AA2A52B83F00765731 /* Release */,
			);
			defaultConfigurationIsVisible = 0;
			defaultConfigurationName = Release;
		};
		D5DC390F2AB0816B0002EB4D /* Build configuration list for PBXNativeTarget "ImageFeed-iosTests" */ = {
			isa = XCConfigurationList;
			buildConfigurations = (
				D5DC39102AB0816B0002EB4D /* Debug */,
				D5DC39112AB0816B0002EB4D /* Release */,
			);
			defaultConfigurationIsVisible = 0;
			defaultConfigurationName = Release;
		};
/* End XCConfigurationList section */

/* Begin XCRemoteSwiftPackageReference section */
		D505B4DD2A86564400710855 /* XCRemoteSwiftPackageReference "ProgressHUD" */ = {
			isa = XCRemoteSwiftPackageReference;
			repositoryURL = "https://github.com/relatedcode/ProgressHUD";
			requirement = {
				kind = exactVersion;
				version = 13.7.2;
			};
		};
		D5E37A052A8E1588006908FA /* XCRemoteSwiftPackageReference "Kingfisher" */ = {
			isa = XCRemoteSwiftPackageReference;
			repositoryURL = "https://github.com/onevcat/Kingfisher";
			requirement = {
				kind = exactVersion;
				version = 7.9.0;
			};
		};
		D5E37A082A8E1FD4006908FA /* XCRemoteSwiftPackageReference "SwiftKeychainWrapper" */ = {
			isa = XCRemoteSwiftPackageReference;
			repositoryURL = "https://github.com/jrendel/SwiftKeychainWrapper";
			requirement = {
				kind = exactVersion;
				version = 4.0.1;
			};
		};
/* End XCRemoteSwiftPackageReference section */

/* Begin XCSwiftPackageProductDependency section */
		D505B4DE2A86564400710855 /* ProgressHUD */ = {
			isa = XCSwiftPackageProductDependency;
			package = D505B4DD2A86564400710855 /* XCRemoteSwiftPackageReference "ProgressHUD" */;
			productName = ProgressHUD;
		};
		D5E37A062A8E1588006908FA /* Kingfisher */ = {
			isa = XCSwiftPackageProductDependency;
			package = D5E37A052A8E1588006908FA /* XCRemoteSwiftPackageReference "Kingfisher" */;
			productName = Kingfisher;
		};
		D5E37A092A8E1FD4006908FA /* SwiftKeychainWrapper */ = {
			isa = XCSwiftPackageProductDependency;
			package = D5E37A082A8E1FD4006908FA /* XCRemoteSwiftPackageReference "SwiftKeychainWrapper" */;
			productName = SwiftKeychainWrapper;
		};
/* End XCSwiftPackageProductDependency section */
	};
	rootObject = D5D9C98C2A52B83E00765731 /* Project object */;
}
